
Microsoft Visual Studio Solution File, Format Version 12.00
# Visual Studio Version 17
VisualStudioVersion = 17.5.33530.505
MinimumVisualStudioVersion = 10.0.40219.1
Project("{9A19103F-16F7-4668-BE54-9A1E7A4F7556}") = "STGeneticsWeb", "STGeneticsTest\STGeneticsWeb.csproj", "{994A1E22-3BAE-47FC-AB31-8C92158D844E}"
EndProject
Global
	GlobalSection(SolutionConfigurationPlatforms) = preSolution
		Debug|Any CPU = Debug|Any CPU
		Release|Any CPU = Release|Any CPU
	EndGlobalSection
	GlobalSection(ProjectConfigurationPlatforms) = postSolution
		{994A1E22-3BAE-47FC-AB31-8C92158D844E}.Debug|Any CPU.ActiveCfg = Debug|Any CPU
		{994A1E22-3BAE-47FC-AB31-8C92158D844E}.Debug|Any CPU.Build.0 = Debug|Any CPU
		{994A1E22-3BAE-47FC-AB31-8C92158D844E}.Release|Any CPU.ActiveCfg = Release|Any CPU
		{994A1E22-3BAE-47FC-AB31-8C92158D844E}.Release|Any CPU.Build.0 = Release|Any CPU
	EndGlobalSection
	GlobalSection(SolutionProperties) = preSolution
		HideSolutionNode = FALSE
	EndGlobalSection
	GlobalSection(ExtensibilityGlobals) = postSolution
		SolutionGuid = {DA104EB3-15E9-4C7A-9E99-EF256B4DB1F6}
	EndGlobalSection
EndGlobal
